
Microsoft Visual Studio Solution File, Format Version 12.00
# Visual Studio Version 16
VisualStudioVersion = 16.0.29409.12
MinimumVisualStudioVersion = 10.0.40219.1
Project("{FAE04EC0-301F-11D3-BF4B-00C04F79EFBC}") = "Mamemaki.HolidayJp", "Mamemaki.HolidayJp\Mamemaki.HolidayJp.csproj", "{0AF93D14-FE5F-43D8-9F92-A0C77303DBE6}"
EndProject
Project("{FAE04EC0-301F-11D3-BF4B-00C04F79EFBC}") = "Mamemaki.HolidayJp.Test", "Mamemaki.HolidayJp.Test\Mamemaki.HolidayJp.Test.csproj", "{2F8365F7-0EDC-4774-A021-D9163853001C}"
EndProject
Global
	GlobalSection(SolutionConfigurationPlatforms) = preSolution
		Debug|Any CPU = Debug|Any CPU
		Release|Any CPU = Release|Any CPU
	EndGlobalSection
	GlobalSection(ProjectConfigurationPlatforms) = postSolution
		{0AF93D14-FE5F-43D8-9F92-A0C77303DBE6}.Debug|Any CPU.ActiveCfg = Debug|Any CPU
		{0AF93D14-FE5F-43D8-9F92-A0C77303DBE6}.Debug|Any CPU.Build.0 = Debug|Any CPU
		{0AF93D14-FE5F-43D8-9F92-A0C77303DBE6}.Release|Any CPU.ActiveCfg = Release|Any CPU
		{0AF93D14-FE5F-43D8-9F92-A0C77303DBE6}.Release|Any CPU.Build.0 = Release|Any CPU
		{2F8365F7-0EDC-4774-A021-D9163853001C}.Debug|Any CPU.ActiveCfg = Debug|Any CPU
		{2F8365F7-0EDC-4774-A021-D9163853001C}.Debug|Any CPU.Build.0 = Debug|Any CPU
		{2F8365F7-0EDC-4774-A021-D9163853001C}.Release|Any CPU.ActiveCfg = Release|Any CPU
		{2F8365F7-0EDC-4774-A021-D9163853001C}.Release|Any CPU.Build.0 = Release|Any CPU
	EndGlobalSection
	GlobalSection(SolutionProperties) = preSolution
		HideSolutionNode = FALSE
	EndGlobalSection
	GlobalSection(ExtensibilityGlobals) = postSolution
		SolutionGuid = {DB463480-77EE-451E-B4D3-61915994791F}
	EndGlobalSection
EndGlobal
